
Microsoft Visual Studio Solution File, Format Version 12.00
# Visual Studio 15
VisualStudioVersion = 15.0.27130.2010
MinimumVisualStudioVersion = 10.0.40219.1
Project("{FAE04EC0-301F-11D3-BF4B-00C04F79EFBC}") = "CensusAPIService.Tests", "CensusAPIService.Tests\CensusAPIService.Tests.csproj", "{AFFC7A75-F253-4756-9130-ABBD59286A32}"
EndProject
Project("{FAE04EC0-301F-11D3-BF4B-00C04F79EFBC}") = "CensusAPIService", "CensusAPIService\CensusAPIService.csproj", "{9C541C83-5152-47CC-8EB5-21FDA335331B}"
EndProject
Project("{FAE04EC0-301F-11D3-BF4B-00C04F79EFBC}") = "testDriver", "testDriver\testDriver.csproj", "{7E4C540E-52ED-44A6-8632-0C690CE44A43}"
EndProject
Global
	GlobalSection(SolutionConfigurationPlatforms) = preSolution
		Debug|Any CPU = Debug|Any CPU
		Release|Any CPU = Release|Any CPU
	EndGlobalSection
	GlobalSection(ProjectConfigurationPlatforms) = postSolution
		{AFFC7A75-F253-4756-9130-ABBD59286A32}.Debug|Any CPU.ActiveCfg = Debug|Any CPU
		{AFFC7A75-F253-4756-9130-ABBD59286A32}.Debug|Any CPU.Build.0 = Debug|Any CPU
		{AFFC7A75-F253-4756-9130-ABBD59286A32}.Release|Any CPU.ActiveCfg = Release|Any CPU
		{AFFC7A75-F253-4756-9130-ABBD59286A32}.Release|Any CPU.Build.0 = Release|Any CPU
		{9C541C83-5152-47CC-8EB5-21FDA335331B}.Debug|Any CPU.ActiveCfg = Debug|Any CPU
		{9C541C83-5152-47CC-8EB5-21FDA335331B}.Debug|Any CPU.Build.0 = Debug|Any CPU
		{9C541C83-5152-47CC-8EB5-21FDA335331B}.Release|Any CPU.ActiveCfg = Release|Any CPU
		{9C541C83-5152-47CC-8EB5-21FDA335331B}.Release|Any CPU.Build.0 = Release|Any CPU
		{7E4C540E-52ED-44A6-8632-0C690CE44A43}.Debug|Any CPU.ActiveCfg = Debug|Any CPU
		{7E4C540E-52ED-44A6-8632-0C690CE44A43}.Debug|Any CPU.Build.0 = Debug|Any CPU
		{7E4C540E-52ED-44A6-8632-0C690CE44A43}.Release|Any CPU.ActiveCfg = Release|Any CPU
		{7E4C540E-52ED-44A6-8632-0C690CE44A43}.Release|Any CPU.Build.0 = Release|Any CPU
	EndGlobalSection
	GlobalSection(SolutionProperties) = preSolution
		HideSolutionNode = FALSE
	EndGlobalSection
	GlobalSection(ExtensibilityGlobals) = postSolution
		SolutionGuid = {509C2E05-CB58-4EDB-982E-B85256A29B7D}
	EndGlobalSection
EndGlobal
